// !$*UTF8*$!
{
	archiveVersion = 1;
	classes = {
	};
	objectVersion = 46;
	objects = {

/* Begin PBXBuildFile section */
		7075381F1578084800D19F02 /* UIKit.framework in Frameworks */ = {isa = PBXBuildFile; fileRef = 7075381E1578084800D19F02 /* UIKit.framework */; };
		707538211578084800D19F02 /* Foundation.framework in Frameworks */ = {isa = PBXBuildFile; fileRef = 707538201578084800D19F02 /* Foundation.framework */; };
		707538231578084800D19F02 /* CoreGraphics.framework in Frameworks */ = {isa = PBXBuildFile; fileRef = 707538221578084800D19F02 /* CoreGraphics.framework */; };
		707538291578084800D19F02 /* InfoPlist.strings in Resources */ = {isa = PBXBuildFile; fileRef = 707538271578084800D19F02 /* InfoPlist.strings */; };
		7075382B1578084800D19F02 /* main.m in Sources */ = {isa = PBXBuildFile; fileRef = 7075382A1578084800D19F02 /* main.m */; };
		7075382F1578084800D19F02 /* HelloAppDelegate.m in Sources */ = {isa = PBXBuildFile; fileRef = 7075382E1578084800D19F02 /* HelloAppDelegate.m */; };
		707538321578084800D19F02 /* MainStoryboard.storyboard in Resources */ = {isa = PBXBuildFile; fileRef = 707538301578084800D19F02 /* MainStoryboard.storyboard */; };
		707538351578084800D19F02 /* HelloViewController.m in Sources */ = {isa = PBXBuildFile; fileRef = 707538341578084800D19F02 /* HelloViewController.m */; };
/* End PBXBuildFile section */

/* Begin PBXFileReference section */
		7075381A1578084800D19F02 /* Hello.app */ = {isa = PBXFileReference; explicitFileType = wrapper.application; includeInIndex = 0; path = Hello.app; sourceTree = BUILT_PRODUCTS_DIR; };
		7075381E1578084800D19F02 /* UIKit.framework */ = {isa = PBXFileReference; lastKnownFileType = wrapper.framework; name = UIKit.framework; path = System/Library/Frameworks/UIKit.framework; sourceTree = SDKROOT; };
		707538201578084800D19F02 /* Foundation.framework */ = {isa = PBXFileReference; lastKnownFileType = wrapper.framework; name = Foundation.framework; path = System/Library/Frameworks/Foundation.framework; sourceTree = SDKROOT; };
		707538221578084800D19F02 /* CoreGraphics.framework */ = {isa = PBXFileReference; lastKnownFileType = wrapper.framework; name = CoreGraphics.framework; path = System/Library/Frameworks/CoreGraphics.framework; sourceTree = SDKROOT; };
		707538261578084800D19F02 /* Hello-Info.plist */ = {isa = PBXFileReference; path = "Hello-Info.plist"; sourceTree = "<group>"; };
		707538281578084800D19F02 /* en */ = {isa = PBXFileReference; lastKnownFileType = text.plist.strings; name = en; path = en.lproj/InfoPlist.strings; sourceTree = "<group>"; };
		7075382A1578084800D19F02 /* main.m */ = {isa = PBXFileReference; lastKnownFileType = sourcecode.c.objc; path = main.m; sourceTree = "<group>"; };
		7075382C1578084800D19F02 /* Hello-Prefix.pch */ = {isa = PBXFileReference; path = "Hello-Prefix.pch"; sourceTree = "<group>"; };
		7075382D1578084800D19F02 /* HelloAppDelegate.h */ = {isa = PBXFileReference; path = HelloAppDelegate.h; sourceTree = "<group>"; };
		7075382E1578084800D19F02 /* HelloAppDelegate.m */ = {isa = PBXFileReference; lastKnownFileType = sourcecode.c.objc; path = HelloAppDelegate.m; sourceTree = "<group>"; };
		707538311578084800D19F02 /* en */ = {isa = PBXFileReference; lastKnownFileType = file.storyboard; name = en; path = en.lproj/MainStoryboard.storyboard; sourceTree = "<group>"; };
		707538331578084800D19F02 /* HelloViewController.h */ = {isa = PBXFileReference; path = HelloViewController.h; sourceTree = "<group>"; };
		707538341578084800D19F02 /* HelloViewController.m */ = {isa = PBXFileReference; lastKnownFileType = sourcecode.c.objc; path = HelloViewController.m; sourceTree = "<group>"; };
/* End PBXFileReference section */

/* Begin PBXFrameworksBuildPhase section */
		707538171578084800D19F02 /* Frameworks */ = {
			isa = PBXFrameworksBuildPhase;
			buildActionMask = 2147483647;
			files = (
				7075381F1578084800D19F02 /* UIKit.framework in Frameworks */,
				707538211578084800D19F02 /* Foundation.framework in Frameworks */,
				707538231578084800D19F02 /* CoreGraphics.framework in Frameworks */,
			);
			runOnlyForDeploymentPostprocessing = 0;
		};
/* End PBXFrameworksBuildPhase section */

/* Begin PBXGroup section */
		7075380F1578084800D19F02 = {
			isa = PBXGroup;
			children = (
				707538241578084800D19F02 /* Hello */,
				7075381D1578084800D19F02 /* Frameworks */,
				7075381B1578084800D19F02 /* Products */,
			);
			sourceTree = "<group>";
		};
		7075381B1578084800D19F02 /* Products */ = {
			isa = PBXGroup;
			children = (
				7075381A1578084800D19F02 /* Hello.app */,
			);
			name = Products;
			sourceTree = "<group>";
		};
		7075381D1578084800D19F02 /* Frameworks */ = {
			isa = PBXGroup;
			children = (
				7075381E1578084800D19F02 /* UIKit.framework */,
				707538201578084800D19F02 /* Foundation.framework */,
				707538221578084800D19F02 /* CoreGraphics.framework */,
			);
			name = Frameworks;
			sourceTree = "<group>";
		};
		707538241578084800D19F02 /* Hello */ = {
			isa = PBXGroup;
			children = (
				7075382D1578084800D19F02 /* HelloAppDelegate.h */,
				7075382E1578084800D19F02 /* HelloAppDelegate.m */,
				707538301578084800D19F02 /* MainStoryboard.storyboard */,
				707538331578084800D19F02 /* HelloViewController.h */,
				707538341578084800D19F02 /* HelloViewController.m */,
				707538251578084800D19F02 /* Supporting Files */,
			);
			path = Hello;
			sourceTree = "<group>";
		};
		707538251578084800D19F02 /* Supporting Files */ = {
			isa = PBXGroup;
			children = (
				707538261578084800D19F02 /* Hello-Info.plist */,
				707538271578084800D19F02 /* InfoPlist.strings */,
				7075382A1578084800D19F02 /* main.m */,
				7075382C1578084800D19F02 /* Hello-Prefix.pch */,
			);
			name = "Supporting Files";
			sourceTree = "<group>";
		};
/* End PBXGroup section */

/* Begin PBXNativeTarget section */
		707538191578084800D19F02 /* Hello */ = {
			isa = PBXNativeTarget;
			buildConfigurationList = 707538381578084800D19F02 /* Build configuration list for PBXNativeTarget "Hello" */;
			buildPhases = (
				707538161578084800D19F02 /* Sources */,
				707538171578084800D19F02 /* Frameworks */,
				707538181578084800D19F02 /* Resources */,
			);
			buildRules = (
			);
			dependencies = (
			);
			name = Hello;
			productName = Hello;
			productReference = 7075381A1578084800D19F02 /* Hello.app */;
			productType = "com.apple.product-type.application";
		};
/* End PBXNativeTarget section */

/* Begin PBXProject section */
		707538111578084800D19F02 /* Project object */ = {
			isa = PBXProject;
			attributes = {
				CLASSPREFIX = Hello;
				LastUpgradeCheck = 0430;
				ORGANIZATIONNAME = "Blue Bamboo Inc";
			};
			buildConfigurationList = 707538141578084800D19F02 /* Build configuration list for PBXProject "Hello" */;
			compatibilityVersion = "Xcode 3.2";
			developmentRegion = English;
			hasScannedForEncodings = 0;
			knownRegions = (
				en,
			);
			mainGroup = 7075380F1578084800D19F02;
			productRefGroup = 7075381B1578084800D19F02 /* Products */;
			projectDirPath = "";
			projectRoot = "";
			targets = (
				707538191578084800D19F02 /* Hello */,
			);
		};
/* End PBXProject section */

/* Begin PBXResourcesBuildPhase section */
		707538181578084800D19F02 /* Resources */ = {
			isa = PBXResourcesBuildPhase;
			buildActionMask = 2147483647;
			files = (
				707538291578084800D19F02 /* InfoPlist.strings in Resources */,
				707538321578084800D19F02 /* MainStoryboard.storyboard in Resources */,
			);
			runOnlyForDeploymentPostprocessing = 0;
		};
/* End PBXResourcesBuildPhase section */

/* Begin PBXSourcesBuildPhase section */
		707538161578084800D19F02 /* Sources */ = {
			isa = PBXSourcesBuildPhase;
			buildActionMask = 2147483647;
			files = (
				7075382B1578084800D19F02 /* main.m in Sources */,
				7075382F1578084800D19F02 /* HelloAppDelegate.m in Sources */,
				707538351578084800D19F02 /* HelloViewController.m in Sources */,
			);
			runOnlyForDeploymentPostprocessing = 0;
		};
/* End PBXSourcesBuildPhase section */

/* Begin PBXVariantGroup section */
		707538271578084800D19F02 /* InfoPlist.strings */ = {
			isa = PBXVariantGroup;
			children = (
				707538281578084800D19F02 /* en */,
			);
			name = InfoPlist.strings;
			sourceTree = "<group>";
		};
		707538301578084800D19F02 /* MainStoryboard.storyboard */ = {
			isa = PBXVariantGroup;
			children = (
				707538311578084800D19F02 /* en */,
			);
			name = MainStoryboard.storyboard;
			sourceTree = "<group>";
		};
/* End PBXVariantGroup section */

/* Begin XCBuildConfiguration section */
		707538361578084800D19F02 /* Debug */ = {
			isa = XCBuildConfiguration;
			buildSettings = {
				ALWAYS_SEARCH_USER_PATHS = NO;
				ARCHS = "$(ARCHS_STANDARD_32_BIT)";
				CLANG_ENABLE_OBJC_ARC = YES;
				"CODE_SIGN_IDENTITY[sdk=iphoneos*]" = "iPhone Developer";
				COPY_PHASE_STRIP = NO;
				GCC_C_LANGUAGE_STANDARD = gnu99;
				GCC_DYNAMIC_NO_PIC = NO;
				GCC_OPTIMIZATION_LEVEL = 0;
				GCC_PREPROCESSOR_DEFINITIONS = (
					"DEBUG=1",
					"$(inherited)",
				);
				GCC_SYMBOLS_PRIVATE_EXTERN = NO;
				GCC_VERSION = com.apple.compilers.llvm.clang.1_0;
				GCC_WARN_ABOUT_RETURN_TYPE = YES;
				GCC_WARN_UNINITIALIZED_AUTOS = YES;
				GCC_WARN_UNUSED_VARIABLE = YES;
				IPHONEOS_DEPLOYMENT_TARGET = 5.1;
				SDKROOT = iphoneos;
			};
			name = Debug;
		};
		707538371578084800D19F02 /* Release */ = {
			isa = XCBuildConfiguration;
			buildSettings = {
				ALWAYS_SEARCH_USER_PATHS = NO;
				ARCHS = "$(ARCHS_STANDARD_32_BIT)";
				CLANG_ENABLE_OBJC_ARC = YES;
				"CODE_SIGN_IDENTITY[sdk=iphoneos*]" = "iPhone Developer";
				COPY_PHASE_STRIP = YES;
				GCC_C_LANGUAGE_STANDARD = gnu99;
				GCC_VERSION = com.apple.compilers.llvm.clang.1_0;
				GCC_WARN_ABOUT_RETURN_TYPE = YES;
				GCC_WARN_UNINITIALIZED_AUTOS = YES;
				GCC_WARN_UNUSED_VARIABLE = YES;
				IPHONEOS_DEPLOYMENT_TARGET = 5.1;
				OTHER_CFLAGS = "-DNS_BLOCK_ASSERTIONS=1";
				SDKROOT = iphoneos;
				VALIDATE_PRODUCT = YES;
			};
			name = Release;
		};
		707538391578084800D19F02 /* Debug */ = {
			isa = XCBuildConfiguration;
			buildSettings = {
				GCC_PRECOMPILE_PREFIX_HEADER = YES;
				GCC_PREFIX_HEADER = "Hello/Hello-Prefix.pch";
				INFOPLIST_FILE = "Hello/Hello-Info.plist";
				PRODUCT_NAME = "$(TARGET_NAME)";
				WRAPPER_EXTENSION = app;
			};
			name = Debug;
		};
		7075383A1578084800D19F02 /* Release */ = {
			isa = XCBuildConfiguration;
			buildSettings = {
				GCC_PRECOMPILE_PREFIX_HEADER = YES;
				GCC_PREFIX_HEADER = "Hello/Hello-Prefix.pch";
				INFOPLIST_FILE = "Hello/Hello-Info.plist";
				PRODUCT_NAME = "$(TARGET_NAME)";
				WRAPPER_EXTENSION = app;
			};
			name = Release;
		};
/* End XCBuildConfiguration section */

/* Begin XCConfigurationList section */
		707538141578084800D19F02 /* Build configuration list for PBXProject "Hello" */ = {
			isa = XCConfigurationList;
			buildConfigurations = (
				707538361578084800D19F02 /* Debug */,
				707538371578084800D19F02 /* Release */,
			);
			defaultConfigurationIsVisible = 0;
			defaultConfigurationName = Release;
		};
		707538381578084800D19F02 /* Build configuration list for PBXNativeTarget "Hello" */ = {
			isa = XCConfigurationList;
			buildConfigurations = (
				707538391578084800D19F02 /* Debug */,
				7075383A1578084800D19F02 /* Release */,
			);
			defaultConfigurationIsVisible = 0;
		};
/* End XCConfigurationList section */
	};
	rootObject = 707538111578084800D19F02 /* Project object */;
}
